
Microsoft Visual Studio Solution File, Format Version 12.00
# Visual Studio 15
VisualStudioVersion = 15.0.28307.1500
MinimumVisualStudioVersion = 10.0.40219.1
Project("{FAE04EC0-301F-11D3-BF4B-00C04F79EFBC}") = "Yemek_Tarif", "Yemek_Tarif\Yemek_Tarif.csproj", "{BF39B672-76FD-4157-9A22-CC8F7094FCB6}"
EndProject
Global
	GlobalSection(SolutionConfigurationPlatforms) = preSolution
		Debug|Any CPU = Debug|Any CPU
		Release|Any CPU = Release|Any CPU
	EndGlobalSection
	GlobalSection(ProjectConfigurationPlatforms) = postSolution
		{BF39B672-76FD-4157-9A22-CC8F7094FCB6}.Debug|Any CPU.ActiveCfg = Debug|Any CPU
		{BF39B672-76FD-4157-9A22-CC8F7094FCB6}.Debug|Any CPU.Build.0 = Debug|Any CPU
		{BF39B672-76FD-4157-9A22-CC8F7094FCB6}.Release|Any CPU.ActiveCfg = Release|Any CPU
		{BF39B672-76FD-4157-9A22-CC8F7094FCB6}.Release|Any CPU.Build.0 = Release|Any CPU
	EndGlobalSection
	GlobalSection(SolutionProperties) = preSolution
		HideSolutionNode = FALSE
	EndGlobalSection
	GlobalSection(ExtensibilityGlobals) = postSolution
		SolutionGuid = {73138E50-10B8-4FD8-A49D-2B65FFE77F02}
	EndGlobalSection
EndGlobal
